
Microsoft Visual Studio Solution File, Format Version 12.00
# Visual Studio Version 17
VisualStudioVersion = 17.2.32616.157
MinimumVisualStudioVersion = 10.0.40219.1
Project("{FAE04EC0-301F-11D3-BF4B-00C04F79EFBC}") = "example_012", "example_012\example_012.csproj", "{F15811F7-475F-4EF9-B64F-A42BBAA3B154}"
EndProject
Global
	GlobalSection(SolutionConfigurationPlatforms) = preSolution
		Debug|Any CPU = Debug|Any CPU
		Release|Any CPU = Release|Any CPU
	EndGlobalSection
	GlobalSection(ProjectConfigurationPlatforms) = postSolution
		{F15811F7-475F-4EF9-B64F-A42BBAA3B154}.Debug|Any CPU.ActiveCfg = Debug|Any CPU
		{F15811F7-475F-4EF9-B64F-A42BBAA3B154}.Debug|Any CPU.Build.0 = Debug|Any CPU
		{F15811F7-475F-4EF9-B64F-A42BBAA3B154}.Release|Any CPU.ActiveCfg = Release|Any CPU
		{F15811F7-475F-4EF9-B64F-A42BBAA3B154}.Release|Any CPU.Build.0 = Release|Any CPU
	EndGlobalSection
	GlobalSection(SolutionProperties) = preSolution
		HideSolutionNode = FALSE
	EndGlobalSection
	GlobalSection(ExtensibilityGlobals) = postSolution
		SolutionGuid = {CB1F427B-1935-450E-8217-70265BF76E8F}
	EndGlobalSection
EndGlobal
